
Microsoft Visual Studio Solution File, Format Version 12.00
# Visual Studio Version 16
VisualStudioVersion = 16.0.29905.134
MinimumVisualStudioVersion = 10.0.40219.1
Project("{9A19103F-16F7-4668-BE54-9A1E7A4F7556}") = "EmployeeManagement", "EmployeeManagement\EmployeeManagement.csproj", "{818B4C7F-B7E6-40F4-AA0D-2B1D6DBA4599}"
EndProject
Global
	GlobalSection(SolutionConfigurationPlatforms) = preSolution
		Debug|Any CPU = Debug|Any CPU
		Release|Any CPU = Release|Any CPU
	EndGlobalSection
	GlobalSection(ProjectConfigurationPlatforms) = postSolution
		{818B4C7F-B7E6-40F4-AA0D-2B1D6DBA4599}.Debug|Any CPU.ActiveCfg = Debug|Any CPU
		{818B4C7F-B7E6-40F4-AA0D-2B1D6DBA4599}.Debug|Any CPU.Build.0 = Debug|Any CPU
		{818B4C7F-B7E6-40F4-AA0D-2B1D6DBA4599}.Release|Any CPU.ActiveCfg = Release|Any CPU
		{818B4C7F-B7E6-40F4-AA0D-2B1D6DBA4599}.Release|Any CPU.Build.0 = Release|Any CPU
	EndGlobalSection
	GlobalSection(SolutionProperties) = preSolution
		HideSolutionNode = FALSE
	EndGlobalSection
	GlobalSection(ExtensibilityGlobals) = postSolution
		SolutionGuid = {637ED1BC-0185-4F32-9406-01C77852E8E5}
	EndGlobalSection
EndGlobal
